Microsoft Visual Studio Solution File, Format Version 12.00
# Visual Studio 14
VisualStudioVersion = 14.0.25420.1
MinimumVisualStudioVersion = 10.0.40219.1
Project("{F184B08F-C81C-45F6-A57F-5ABD9991F28F}") = "PKFQWin-D4EM10", "PKFQWin-D4EM10.vbproj", "{4E056C9F-0E8D-4D5D-AEDF-2617521FA006}"
EndProject
Project("{F184B08F-C81C-45F6-A57F-5ABD9991F28F}") = "atcUtility-D4EM10", "..\BASINS\atcUtility\atcUtility-D4EM10.vbproj", "{67027820-9036-481E-80F6-077E5085F59D}"
EndProject
Project("{F184B08F-C81C-45F6-A57F-5ABD9991F28F}") = "atcData-D4EM10", "..\BASINS\atcData\atcData-D4EM10.vbproj", "{A9A00CAD-9EAD-4228-AB08-6DC3BAF253AA}"
EndProject
Project("{F184B08F-C81C-45F6-A57F-5ABD9991F28F}") = "atcControls-D4EM10", "..\BASINS\atcControls\atcControls-D4EM10.vbproj", "{B219575F-1541-41DB-9FA4-D9D7CD62B4A5}"
EndProject
Project("{F184B08F-C81C-45F6-A57F-5ABD9991F28F}") = "atcGraph-D4EM10", "..\BASINS\atcGraphExperimental\atcGraph-D4EM10.vbproj", "{D52E1A9C-E219-4DF7-9CA8-B4FD1B28CEC9}"
EndProject
Project("{F184B08F-C81C-45F6-A57F-5ABD9991F28F}") = "atcTimeseriesMath-D4EM10", "..\BASINS\atcTimeseriesMath\atcTimeseriesMath-D4EM10.vbproj", "{BD299EB7-7A62-4EF9-8806-86E9288C498F}"
EndProject
Project("{F184B08F-C81C-45F6-A57F-5ABD9991F28F}") = "MapWinUtility-D4EM10", "..\BASINS\MapWinUtility\MapWinUtility-D4EM10.vbproj", "{3C991AE4-9EDB-4C24-BAF3-42F7303D7DF3}"
EndProject
Global
	GlobalSection(SolutionConfigurationPlatforms) = preSolution
		Debug|Any CPU = Debug|Any CPU
		Debug|x64 = Debug|x64
		Debug|x86 = Debug|x86
		Release|Any CPU = Release|Any CPU
		Release|x64 = Release|x64
		Release|x86 = Release|x86
	EndGlobalSection
	GlobalSection(ProjectConfigurationPlatforms) = postSolution
		{4E056C9F-0E8D-4D5D-AEDF-2617521FA006}.Debug|Any CPU.ActiveCfg = Debug|x86
		{4E056C9F-0E8D-4D5D-AEDF-2617521FA006}.Debug|Any CPU.Build.0 = Debug|x86
		{4E056C9F-0E8D-4D5D-AEDF-2617521FA006}.Debug|x64.ActiveCfg = Debug|x64
		{4E056C9F-0E8D-4D5D-AEDF-2617521FA006}.Debug|x64.Build.0 = Debug|x64
		{4E056C9F-0E8D-4D5D-AEDF-2617521FA006}.Debug|x86.ActiveCfg = Debug|x86
		{4E056C9F-0E8D-4D5D-AEDF-2617521FA006}.Debug|x86.Build.0 = Debug|x86
		{4E056C9F-0E8D-4D5D-AEDF-2617521FA006}.Release|Any CPU.ActiveCfg = Release|Any CPU
		{4E056C9F-0E8D-4D5D-AEDF-2617521FA006}.Release|Any CPU.Build.0 = Release|Any CPU
		{4E056C9F-0E8D-4D5D-AEDF-2617521FA006}.Release|x64.ActiveCfg = Release|Any CPU
		{4E056C9F-0E8D-4D5D-AEDF-2617521FA006}.Release|x86.ActiveCfg = Release|Any CPU
		{67027820-9036-481E-80F6-077E5085F59D}.Debug|Any CPU.ActiveCfg = Debug|Any CPU
		{67027820-9036-481E-80F6-077E5085F59D}.Debug|Any CPU.Build.0 = Debug|Any CPU
		{67027820-9036-481E-80F6-077E5085F59D}.Debug|x64.ActiveCfg = Debug|Any CPU
		{67027820-9036-481E-80F6-077E5085F59D}.Debug|x64.Build.0 = Debug|Any CPU
		{67027820-9036-481E-80F6-077E5085F59D}.Debug|x86.ActiveCfg = Debug|x86
		{67027820-9036-481E-80F6-077E5085F59D}.Debug|x86.Build.0 = Debug|x86
		{67027820-9036-481E-80F6-077E5085F59D}.Release|Any CPU.ActiveCfg = Release|Any CPU
		{67027820-9036-481E-80F6-077E5085F59D}.Release|Any CPU.Build.0 = Release|Any CPU
		{67027820-9036-481E-80F6-077E5085F59D}.Release|x64.ActiveCfg = Release|x86
		{67027820-9036-481E-80F6-077E5085F59D}.Release|x86.ActiveCfg = Release|x86
		{67027820-9036-481E-80F6-077E5085F59D}.Release|x86.Build.0 = Release|x86
		{A9A00CAD-9EAD-4228-AB08-6DC3BAF253AA}.Debug|Any CPU.ActiveCfg = Debug|Any CPU
		{A9A00CAD-9EAD-4228-AB08-6DC3BAF253AA}.Debug|Any CPU.Build.0 = Debug|Any CPU
		{A9A00CAD-9EAD-4228-AB08-6DC3BAF253AA}.Debug|x64.ActiveCfg = Debug|x64
		{A9A00CAD-9EAD-4228-AB08-6DC3BAF253AA}.Debug|x64.Build.0 = Debug|x64
		{A9A00CAD-9EAD-4228-AB08-6DC3BAF253AA}.Debug|x86.ActiveCfg = Debug|x86
		{A9A00CAD-9EAD-4228-AB08-6DC3BAF253AA}.Debug|x86.Build.0 = Debug|x86
		{A9A00CAD-9EAD-4228-AB08-6DC3BAF253AA}.Release|Any CPU.ActiveCfg = Release|Any CPU
		{A9A00CAD-9EAD-4228-AB08-6DC3BAF253AA}.Release|Any CPU.Build.0 = Release|Any CPU
		{A9A00CAD-9EAD-4228-AB08-6DC3BAF253AA}.Release|x64.ActiveCfg = Release|Any CPU
		{A9A00CAD-9EAD-4228-AB08-6DC3BAF253AA}.Release|x64.Build.0 = Release|Any CPU
		{A9A00CAD-9EAD-4228-AB08-6DC3BAF253AA}.Release|x86.ActiveCfg = Release|x86
		{A9A00CAD-9EAD-4228-AB08-6DC3BAF253AA}.Release|x86.Build.0 = Release|x86
		{B219575F-1541-41DB-9FA4-D9D7CD62B4A5}.Debug|Any CPU.ActiveCfg = Debug|Any CPU
		{B219575F-1541-41DB-9FA4-D9D7CD62B4A5}.Debug|Any CPU.Build.0 = Debug|Any CPU
		{B219575F-1541-41DB-9FA4-D9D7CD62B4A5}.Debug|x64.ActiveCfg = Debug|x64
		{B219575F-1541-41DB-9FA4-D9D7CD62B4A5}.Debug|x64.Build.0 = Debug|x64
		{B219575F-1541-41DB-9FA4-D9D7CD62B4A5}.Debug|x86.ActiveCfg = Debug|x86
		{B219575F-1541-41DB-9FA4-D9D7CD62B4A5}.Debug|x86.Build.0 = Debug|x86
		{B219575F-1541-41DB-9FA4-D9D7CD62B4A5}.Release|Any CPU.ActiveCfg = Release|Any CPU
		{B219575F-1541-41DB-9FA4-D9D7CD62B4A5}.Release|Any CPU.Build.0 = Release|Any CPU
		{B219575F-1541-41DB-9FA4-D9D7CD62B4A5}.Release|x64.ActiveCfg = Release|x64
		{B219575F-1541-41DB-9FA4-D9D7CD62B4A5}.Release|x64.Build.0 = Release|x64
		{B219575F-1541-41DB-9FA4-D9D7CD62B4A5}.Release|x86.ActiveCfg = Release|x86
		{B219575F-1541-41DB-9FA4-D9D7CD62B4A5}.Release|x86.Build.0 = Release|x86
		{D52E1A9C-E219-4DF7-9CA8-B4FD1B28CEC9}.Debug|Any CPU.ActiveCfg = Debug|Any CPU
		{D52E1A9C-E219-4DF7-9CA8-B4FD1B28CEC9}.Debug|Any CPU.Build.0 = Debug|Any CPU
		{D52E1A9C-E219-4DF7-9CA8-B4FD1B28CEC9}.Debug|x64.ActiveCfg = Debug|Any CPU
		{D52E1A9C-E219-4DF7-9CA8-B4FD1B28CEC9}.Debug|x64.Build.0 = Debug|Any CPU
		{D52E1A9C-E219-4DF7-9CA8-B4FD1B28CEC9}.Debug|x86.ActiveCfg = Debug|x86
		{D52E1A9C-E219-4DF7-9CA8-B4FD1B28CEC9}.Debug|x86.Build.0 = Debug|x86
		{D52E1A9C-E219-4DF7-9CA8-B4FD1B28CEC9}.Release|Any CPU.ActiveCfg = Release|Any CPU
		{D52E1A9C-E219-4DF7-9CA8-B4FD1B28CEC9}.Release|Any CPU.Build.0 = Release|Any CPU
		{D52E1A9C-E219-4DF7-9CA8-B4FD1B28CEC9}.Release|x64.ActiveCfg = Release|x86
		{D52E1A9C-E219-4DF7-9CA8-B4FD1B28CEC9}.Release|x86.ActiveCfg = Release|x86
		{D52E1A9C-E219-4DF7-9CA8-B4FD1B28CEC9}.Release|x86.Build.0 = Release|x86
		{BD299EB7-7A62-4EF9-8806-86E9288C498F}.Debug|Any CPU.ActiveCfg = Debug|Any CPU
		{BD299EB7-7A62-4EF9-8806-86E9288C498F}.Debug|Any CPU.Build.0 = Debug|Any CPU
		{BD299EB7-7A62-4EF9-8806-86E9288C498F}.Debug|x64.ActiveCfg = Debug|x64
		{BD299EB7-7A62-4EF9-8806-86E9288C498F}.Debug|x64.Build.0 = Debug|x64
		{BD299EB7-7A62-4EF9-8806-86E9288C498F}.Debug|x86.ActiveCfg = Debug|x86
		{BD299EB7-7A62-4EF9-8806-86E9288C498F}.Debug|x86.Build.0 = Debug|x86
		{BD299EB7-7A62-4EF9-8806-86E9288C498F}.Release|Any CPU.ActiveCfg = Release|Any CPU
		{BD299EB7-7A62-4EF9-8806-86E9288C498F}.Release|Any CPU.Build.0 = Release|Any CPU
		{BD299EB7-7A62-4EF9-8806-86E9288C498F}.Release|x64.ActiveCfg = Release|x86
		{BD299EB7-7A62-4EF9-8806-86E9288C498F}.Release|x86.ActiveCfg = Release|x86
		{BD299EB7-7A62-4EF9-8806-86E9288C498F}.Release|x86.Build.0 = Release|x86
		{3C991AE4-9EDB-4C24-BAF3-42F7303D7DF3}.Debug|Any CPU.ActiveCfg = Debug|Any CPU
		{3C991AE4-9EDB-4C24-BAF3-42F7303D7DF3}.Debug|Any CPU.Build.0 = Debug|Any CPU
		{3C991AE4-9EDB-4C24-BAF3-42F7303D7DF3}.Debug|x64.ActiveCfg = Debug|x64
		{3C991AE4-9EDB-4C24-BAF3-42F7303D7DF3}.Debug|x64.Build.0 = Debug|x64
		{3C991AE4-9EDB-4C24-BAF3-42F7303D7DF3}.Debug|x86.ActiveCfg = Debug|x86
		{3C991AE4-9EDB-4C24-BAF3-42F7303D7DF3}.Debug|x86.Build.0 = Debug|x86
		{3C991AE4-9EDB-4C24-BAF3-42F7303D7DF3}.Release|Any CPU.ActiveCfg = Release|Any CPU
		{3C991AE4-9EDB-4C24-BAF3-42F7303D7DF3}.Release|Any CPU.Build.0 = Release|Any CPU
		{3C991AE4-9EDB-4C24-BAF3-42F7303D7DF3}.Release|x64.ActiveCfg = Release|x64
		{3C991AE4-9EDB-4C24-BAF3-42F7303D7DF3}.Release|x64.Build.0 = Release|x64
		{3C991AE4-9EDB-4C24-BAF3-42F7303D7DF3}.Release|x86.ActiveCfg = Release|x86
		{3C991AE4-9EDB-4C24-BAF3-42F7303D7DF3}.Release|x86.Build.0 = Release|x86
	EndGlobalSection
	GlobalSection(SolutionProperties) = preSolution
		HideSolutionNode = FALSE
	EndGlobalSection
EndGlobal
